// !$*UTF8*$!
{
	archiveVersion = 1;
	classes = {
	};
	objectVersion = 48;
	objects = {

/* Begin PBXBuildFile section */
		816970191FA8BF8900E889A0 /* AppDelegate.swift in Sources */ = {isa = PBXBuildFile; fileRef = 816970181FA8BF8900E889A0 /* AppDelegate.swift */; };
		8169701B1FA8BF8900E889A0 /* ViewController.swift in Sources */ = {isa = PBXBuildFile; fileRef = 8169701A1FA8BF8900E889A0 /* ViewController.swift */; };
		8169701E1FA8BF8900E889A0 /* Main.storyboard in Resources */ = {isa = PBXBuildFile; fileRef = 8169701C1FA8BF8900E889A0 /* Main.storyboard */; };
		816970201FA8BF8900E889A0 /* Assets.xcassets in Resources */ = {isa = PBXBuildFile; fileRef = 8169701F1FA8BF8900E889A0 /* Assets.xcassets */; };
		816970231FA8BF8900E889A0 /* LaunchScreen.storyboard in Resources */ = {isa = PBXBuildFile; fileRef = 816970211FA8BF8900E889A0 /* LaunchScreen.storyboard */; };
		8169702C1FA8C40100E889A0 /* Movie.swift in Sources */ = {isa = PBXBuildFile; fileRef = 8169702B1FA8C40100E889A0 /* Movie.swift */; };
		8169702E1FA8C40E00E889A0 /* MovieData.swift in Sources */ = {isa = PBXBuildFile; fileRef = 8169702D1FA8C40E00E889A0 /* MovieData.swift */; };
		816970311FA8CEC500E889A0 /* MovieTableViewCell.swift in Sources */ = {isa = PBXBuildFile; fileRef = 816970301FA8CEC500E889A0 /* MovieTableViewCell.swift */; };
		81DA632E1FA9061600201265 /* MovieRightAlignedTableViewCell.swift in Sources */ = {isa = PBXBuildFile; fileRef = 81DA632D1FA9061600201265 /* MovieRightAlignedTableViewCell.swift */; };
/* End PBXBuildFile section */

/* Begin PBXFileReference section */
		816970151FA8BF8900E889A0 /* CustomTableViewCellPractice.app */ = {isa = PBXFileReference; explicitFileType = wrapper.application; includeInIndex = 0; path = CustomTableViewCellPractice.app; sourceTree = BUILT_PRODUCTS_DIR; };
		816970181FA8BF8900E889A0 /* AppDelegate.swift */ = {isa = PBXFileReference; lastKnownFileType = sourcecode.swift; path = AppDelegate.swift; sourceTree = "<group>"; };
		8169701A1FA8BF8900E889A0 /* ViewController.swift */ = {isa = PBXFileReference; lastKnownFileType = sourcecode.swift; path = ViewController.swift; sourceTree = "<group>"; };
		8169701D1FA8BF8900E889A0 /* Base */ = {isa = PBXFileReference; lastKnownFileType = file.storyboard; name = Base; path = Base.lproj/Main.storyboard; sourceTree = "<group>"; };
		8169701F1FA8BF8900E889A0 /* Assets.xcassets */ = {isa = PBXFileReference; lastKnownFileType = folder.assetcatalog; path = Assets.xcassets; sourceTree = "<group>"; };
		816970221FA8BF8900E889A0 /* Base */ = {isa = PBXFileReference; lastKnownFileType = file.storyboard; name = Base; path = Base.lproj/LaunchScreen.storyboard; sourceTree = "<group>"; };
		816970241FA8BF8900E889A0 /* Info.plist */ = {isa = PBXFileReference; lastKnownFileType = text.plist.xml; path = Info.plist; sourceTree = "<group>"; };
		8169702B1FA8C40100E889A0 /* Movie.swift */ = {isa = PBXFileReference; lastKnownFileType = sourcecode.swift; path = Movie.swift; sourceTree = "<group>"; };
		8169702D1FA8C40E00E889A0 /* MovieData.swift */ = {isa = PBXFileReference; lastKnownFileType = sourcecode.swift; path = MovieData.swift; sourceTree = "<group>"; };
		816970301FA8CEC500E889A0 /* MovieTableViewCell.swift */ = {isa = PBXFileReference; lastKnownFileType = sourcecode.swift; path = MovieTableViewCell.swift; sourceTree = "<group>"; };
		81DA632D1FA9061600201265 /* MovieRightAlignedTableViewCell.swift */ = {isa = PBXFileReference; lastKnownFileType = sourcecode.swift; path = MovieRightAlignedTableViewCell.swift; sourceTree = "<group>"; };
/* End PBXFileReference section */

/* Begin PBXFrameworksBuildPhase section */
		816970121FA8BF8900E889A0 /* Frameworks */ = {
			isa = PBXFrameworksBuildPhase;
			buildActionMask = 2147483647;
			files = (
			);
			runOnlyForDeploymentPostprocessing = 0;
		};
/* End PBXFrameworksBuildPhase section */

/* Begin PBXGroup section */
		8169700C1FA8BF8900E889A0 = {
			isa = PBXGroup;
			children = (
				816970171FA8BF8900E889A0 /* CustomTableViewCellPractice */,
				816970161FA8BF8900E889A0 /* Products */,
			);
			sourceTree = "<group>";
		};
		816970161FA8BF8900E889A0 /* Products */ = {
			isa = PBXGroup;
			children = (
				816970151FA8BF8900E889A0 /* CustomTableViewCellPractice.app */,
			);
			name = Products;
			sourceTree = "<group>";
		};
		816970171FA8BF8900E889A0 /* CustomTableViewCellPractice */ = {
			isa = PBXGroup;
			children = (
				8169702A1FA8BF9E00E889A0 /* Unused Stuff */,
				8169701A1FA8BF8900E889A0 /* ViewController.swift */,
				816970321FA8CECC00E889A0 /* Views */,
				8169702F1FA8C4A300E889A0 /* Movie */,
				8169701C1FA8BF8900E889A0 /* Main.storyboard */,
				8169701F1FA8BF8900E889A0 /* Assets.xcassets */,
				816970241FA8BF8900E889A0 /* Info.plist */,
			);
			path = CustomTableViewCellPractice;
			sourceTree = "<group>";
		};
		8169702A1FA8BF9E00E889A0 /* Unused Stuff */ = {
			isa = PBXGroup;
			children = (
				816970181FA8BF8900E889A0 /* AppDelegate.swift */,
				816970211FA8BF8900E889A0 /* LaunchScreen.storyboard */,
			);
			path = "Unused Stuff";
			sourceTree = "<group>";
		};
		8169702F1FA8C4A300E889A0 /* Movie */ = {
			isa = PBXGroup;
			children = (
				8169702B1FA8C40100E889A0 /* Movie.swift */,
				8169702D1FA8C40E00E889A0 /* MovieData.swift */,
			);
			path = Movie;
			sourceTree = "<group>";
		};
		816970321FA8CECC00E889A0 /* Views */ = {
			isa = PBXGroup;
			children = (
				816970301FA8CEC500E889A0 /* MovieTableViewCell.swift */,
				81DA632D1FA9061600201265 /* MovieRightAlignedTableViewCell.swift */,
			);
			name = Views;
			path = ..;
			sourceTree = "<group>";
		};
/* End PBXGroup section */

/* Begin PBXNativeTarget section */
		816970141FA8BF8900E889A0 /* CustomTableViewCellPractice */ = {
			isa = PBXNativeTarget;
			buildConfigurationList = 816970271FA8BF8900E889A0 /* Build configuration list for PBXNativeTarget "CustomTableViewCellPractice" */;
			buildPhases = (
				816970111FA8BF8900E889A0 /* Sources */,
				816970121FA8BF8900E889A0 /* Frameworks */,
				816970131FA8BF8900E889A0 /* Resources */,
			);
			buildRules = (
			);
			dependencies = (
			);
			name = CustomTableViewCellPractice;
			productName = CustomTableViewCellPractice;
			productReference = 816970151FA8BF8900E889A0 /* CustomTableViewCellPractice.app */;
			productType = "com.apple.product-type.application";
		};
/* End PBXNativeTarget section */

/* Begin PBXProject section */
		8169700D1FA8BF8900E889A0 /* Project object */ = {
			isa = PBXProject;
			attributes = {
				LastSwiftUpdateCheck = 0900;
				LastUpgradeCheck = 0900;
				ORGANIZATIONNAME = "Melissa He @ C4Q";
				TargetAttributes = {
					816970141FA8BF8900E889A0 = {
						CreatedOnToolsVersion = 9.0;
						ProvisioningStyle = Automatic;
					};
				};
			};
			buildConfigurationList = 816970101FA8BF8900E889A0 /* Build configuration list for PBXProject "CustomTableViewCellPractice" */;
			compatibilityVersion = "Xcode 8.0";
			developmentRegion = en;
			hasScannedForEncodings = 0;
			knownRegions = (
				en,
				Base,
			);
			mainGroup = 8169700C1FA8BF8900E889A0;
			productRefGroup = 816970161FA8BF8900E889A0 /* Products */;
			projectDirPath = "";
			projectRoot = "";
			targets = (
				816970141FA8BF8900E889A0 /* CustomTableViewCellPractice */,
			);
		};
/* End PBXProject section */

/* Begin PBXResourcesBuildPhase section */
		816970131FA8BF8900E889A0 /* Resources */ = {
			isa = PBXResourcesBuildPhase;
			buildActionMask = 2147483647;
			files = (
				816970231FA8BF8900E889A0 /* LaunchScreen.storyboard in Resources */,
				816970201FA8BF8900E889A0 /* Assets.xcassets in Resources */,
				8169701E1FA8BF8900E889A0 /* Main.storyboard in Resources */,
			);
			runOnlyForDeploymentPostprocessing = 0;
		};
/* End PBXResourcesBuildPhase section */

/* Begin PBXSourcesBuildPhase section */
		816970111FA8BF8900E889A0 /* Sources */ = {
			isa = PBXSourcesBuildPhase;
			buildActionMask = 2147483647;
			files = (
				816970311FA8CEC500E889A0 /* MovieTableViewCell.swift in Sources */,
				8169702E1FA8C40E00E889A0 /* MovieData.swift in Sources */,
				8169701B1FA8BF8900E889A0 /* ViewController.swift in Sources */,
				816970191FA8BF8900E889A0 /* AppDelegate.swift in Sources */,
				81DA632E1FA9061600201265 /* MovieRightAlignedTableViewCell.swift in Sources */,
				8169702C1FA8C40100E889A0 /* Movie.swift in Sources */,
			);
			runOnlyForDeploymentPostprocessing = 0;
		};
/* End PBXSourcesBuildPhase section */

/* Begin PBXVariantGroup section */
		8169701C1FA8BF8900E889A0 /* Main.storyboard */ = {
			isa = PBXVariantGroup;
			children = (
				8169701D1FA8BF8900E889A0 /* Base */,
			);
			name = Main.storyboard;
			sourceTree = "<group>";
		};
		816970211FA8BF8900E889A0 /* LaunchScreen.storyboard */ = {
			isa = PBXVariantGroup;
			children = (
				816970221FA8BF8900E889A0 /* Base */,
			);
			name = LaunchScreen.storyboard;
			sourceTree = "<group>";
		};
/* End PBXVariantGroup section */

/* Begin XCBuildConfiguration section */
		816970251FA8BF8900E889A0 /* Debug */ = {
			isa = XCBuildConfiguration;
			buildSettings = {
				ALWAYS_SEARCH_USER_PATHS = NO;
				CLANG_ANALYZER_NONNULL = YES;
				CLANG_ANALYZER_NUMBER_OBJECT_CONVERSION = YES_AGGRESSIVE;
				CLANG_CXX_LANGUAGE_STANDARD = "gnu++14";
				CLANG_CXX_LIBRARY = "libc++";
				CLANG_ENABLE_MODULES = YES;
				CLANG_ENABLE_OBJC_ARC = YES;
				CLANG_WARN_BLOCK_CAPTURE_AUTORELEASING = YES;
				CLANG_WARN_BOOL_CONVERSION = YES;
				CLANG_WARN_COMMA = YES;
				CLANG_WARN_CONSTANT_CONVERSION = YES;
				CLANG_WARN_DIRECT_OBJC_ISA_USAGE = YES_ERROR;
				CLANG_WARN_DOCUMENTATION_COMMENTS = YES;
				CLANG_WARN_EMPTY_BODY = YES;
				CLANG_WARN_ENUM_CONVERSION = YES;
				CLANG_WARN_INFINITE_RECURSION = YES;
				CLANG_WARN_INT_CONVERSION = YES;
				CLANG_WARN_NON_LITERAL_NULL_CONVERSION = YES;
				CLANG_WARN_OBJC_LITERAL_CONVERSION = YES;
				CLANG_WARN_OBJC_ROOT_CLASS = YES_ERROR;
				CLANG_WARN_RANGE_LOOP_ANALYSIS = YES;
				CLANG_WARN_STRICT_PROTOTYPES = YES;
				CLANG_WARN_SUSPICIOUS_MOVE = YES;
				CLANG_WARN_UNGUARDED_AVAILABILITY = YES_AGGRESSIVE;
				CLANG_WARN_UNREACHABLE_CODE = YES;
				CLANG_WARN__DUPLICATE_METHOD_MATCH = YES;
				CODE_SIGN_IDENTITY = "iPhone Developer";
				COPY_PHASE_STRIP = NO;
				DEBUG_INFORMATION_FORMAT = dwarf;
				ENABLE_STRICT_OBJC_MSGSEND = YES;
				ENABLE_TESTABILITY = YES;
				GCC_C_LANGUAGE_STANDARD = gnu11;
				GCC_DYNAMIC_NO_PIC = NO;
				GCC_NO_COMMON_BLOCKS = YES;
				GCC_OPTIMIZATION_LEVEL = 0;
				GCC_PREPROCESSOR_DEFINITIONS = (
					"DEBUG=1",
					"$(inherited)",
				);
				GCC_WARN_64_TO_32_BIT_CONVERSION = YES;
				GCC_WARN_ABOUT_RETURN_TYPE = YES_ERROR;
				GCC_WARN_UNDECLARED_SELECTOR = YES;
				GCC_WARN_UNINITIALIZED_AUTOS = YES_AGGRESSIVE;
				GCC_WARN_UNUSED_FUNCTION = YES;
				GCC_WARN_UNUSED_VARIABLE = YES;
				IPHONEOS_DEPLOYMENT_TARGET = 11.0;
				MTL_ENABLE_DEBUG_INFO = YES;
				ONLY_ACTIVE_ARCH = YES;
				SDKROOT = iphoneos;
				SWIFT_ACTIVE_COMPILATION_CONDITIONS = DEBUG;
				SWIFT_OPTIMIZATION_LEVEL = "-Onone";
			};
			name = Debug;
		};
		816970261FA8BF8900E889A0 /* Release */ = {
			isa = XCBuildConfiguration;
			buildSettings = {
				ALWAYS_SEARCH_USER_PATHS = NO;
				CLANG_ANALYZER_NONNULL = YES;
				CLANG_ANALYZER_NUMBER_OBJECT_CONVERSION = YES_AGGRESSIVE;
				CLANG_CXX_LANGUAGE_STANDARD = "gnu++14";
				CLANG_CXX_LIBRARY = "libc++";
				CLANG_ENABLE_MODULES = YES;
				CLANG_ENABLE_OBJC_ARC = YES;
				CLANG_WARN_BLOCK_CAPTURE_AUTORELEASING = YES;
				CLANG_WARN_BOOL_CONVERSION = YES;
				CLANG_WARN_COMMA = YES;
				CLANG_WARN_CONSTANT_CONVERSION = YES;
				CLANG_WARN_DIRECT_OBJC_ISA_USAGE = YES_ERROR;
				CLANG_WARN_DOCUMENTATION_COMMENTS = YES;
				CLANG_WARN_EMPTY_BODY = YES;
				CLANG_WARN_ENUM_CONVERSION = YES;
				CLANG_WARN_INFINITE_RECURSION = YES;
				CLANG_WARN_INT_CONVERSION = YES;
				CLANG_WARN_NON_LITERAL_NULL_CONVERSION = YES;
				CLANG_WARN_OBJC_LITERAL_CONVERSION = YES;
				CLANG_WARN_OBJC_ROOT_CLASS = YES_ERROR;
				CLANG_WARN_RANGE_LOOP_ANALYSIS = YES;
				CLANG_WARN_STRICT_PROTOTYPES = YES;
				CLANG_WARN_SUSPICIOUS_MOVE = YES;
				CLANG_WARN_UNGUARDED_AVAILABILITY = YES_AGGRESSIVE;
				CLANG_WARN_UNREACHABLE_CODE = YES;
				CLANG_WARN__DUPLICATE_METHOD_MATCH = YES;
				CODE_SIGN_IDENTITY = "iPhone Developer";
				COPY_PHASE_STRIP = NO;
				DEBUG_INFORMATION_FORMAT = "dwarf-with-dsym";
				ENABLE_NS_ASSERTIONS = NO;
				ENABLE_STRICT_OBJC_MSGSEND = YES;
				GCC_C_LANGUAGE_STANDARD = gnu11;
				GCC_NO_COMMON_BLOCKS = YES;
				GCC_WARN_64_TO_32_BIT_CONVERSION = YES;
				GCC_WARN_ABOUT_RETURN_TYPE = YES_ERROR;
				GCC_WARN_UNDECLARED_SELECTOR = YES;
				GCC_WARN_UNINITIALIZED_AUTOS = YES_AGGRESSIVE;
				GCC_WARN_UNUSED_FUNCTION = YES;
				GCC_WARN_UNUSED_VARIABLE = YES;
				IPHONEOS_DEPLOYMENT_TARGET = 11.0;
				MTL_ENABLE_DEBUG_INFO = NO;
				SDKROOT = iphoneos;
				SWIFT_OPTIMIZATION_LEVEL = "-Owholemodule";
				VALIDATE_PRODUCT = YES;
			};
			name = Release;
		};
		816970281FA8BF8900E889A0 /* Debug */ = {
			isa = XCBuildConfiguration;
			buildSettings = {
				ASSETCATALOG_COMPILER_APPICON_NAME = AppIcon;
				CODE_SIGN_STYLE = Automatic;
				DEVELOPMENT_TEAM = M6644XK36Y;
				INFOPLIST_FILE = CustomTableViewCellPractice/Info.plist;
				LD_RUNPATH_SEARCH_PATHS = "$(inherited) @executable_path/Frameworks";
				PRODUCT_BUNDLE_IDENTIFIER = "Melissa-He.CustomTableViewCellPractice";
				PRODUCT_NAME = "$(TARGET_NAME)";
				SWIFT_VERSION = 4.0;
				TARGETED_DEVICE_FAMILY = "1,2";
			};
			name = Debug;
		};
		816970291FA8BF8900E889A0 /* Release */ = {
			isa = XCBuildConfiguration;
			buildSettings = {
				ASSETCATALOG_COMPILER_APPICON_NAME = AppIcon;
				CODE_SIGN_STYLE = Automatic;
				DEVELOPMENT_TEAM = M6644XK36Y;
				INFOPLIST_FILE = CustomTableViewCellPractice/Info.plist;
				LD_RUNPATH_SEARCH_PATHS = "$(inherited) @executable_path/Frameworks";
				PRODUCT_BUNDLE_IDENTIFIER = "Melissa-He.CustomTableViewCellPractice";
				PRODUCT_NAME = "$(TARGET_NAME)";
				SWIFT_VERSION = 4.0;
				TARGETED_DEVICE_FAMILY = "1,2";
			};
			name = Release;
		};
/* End XCBuildConfiguration section */

/* Begin XCConfigurationList section */
		816970101FA8BF8900E889A0 /* Build configuration list for PBXProject "CustomTableViewCellPractice" */ = {
			isa = XCConfigurationList;
			buildConfigurations = (
				816970251FA8BF8900E889A0 /* Debug */,
				816970261FA8BF8900E889A0 /* Release */,
			);
			defaultConfigurationIsVisible = 0;
			defaultConfigurationName = Release;
		};
		816970271FA8BF8900E889A0 /* Build configuration list for PBXNativeTarget "CustomTableViewCellPractice" */ = {
			isa = XCConfigurationList;
			buildConfigurations = (
				816970281FA8BF8900E889A0 /* Debug */,
				816970291FA8BF8900E889A0 /* Release */,
			);
			defaultConfigurationIsVisible = 0;
			defaultConfigurationName = Release;
		};
/* End XCConfigurationList section */
	};
	rootObject = 8169700D1FA8BF8900E889A0 /* Project object */;
}
